
Microsoft Visual Studio Solution File, Format Version 12.00
# Visual Studio Version 16
VisualStudioVersion = 16.0.29230.47
MinimumVisualStudioVersion = 10.0.40219.1
Project("{FAE04EC0-301F-11D3-BF4B-00C04F79EFBC}") = "GestaoEstoque", "GestaoEstoque\GestaoEstoque.csproj", "{A206F7DB-4C52-4EAF-9D0C-C5F3640FFACD}"
EndProject
Project("{FAE04EC0-301F-11D3-BF4B-00C04F79EFBC}") = "CamadaDeNegocios", "CamadaDeNegocio\CamadaDeNegocios.csproj", "{CD6D23A3-7B49-48BC-ADF8-3B256EBA600B}"
EndProject
Project("{FAE04EC0-301F-11D3-BF4B-00C04F79EFBC}") = "CamadaDeDados", "CamadaDeDados\CamadaDeDados.csproj", "{FC80BAFD-FA9A-448F-9E94-410BA40D65F3}"
EndProject
Global
	GlobalSection(SolutionConfigurationPlatforms) = preSolution
		Debug|Any CPU = Debug|Any CPU
		Release|Any CPU = Release|Any CPU
	EndGlobalSection
	GlobalSection(ProjectConfigurationPlatforms) = postSolution
		{A206F7DB-4C52-4EAF-9D0C-C5F3640FFACD}.Debug|Any CPU.ActiveCfg = Debug|Any CPU
		{A206F7DB-4C52-4EAF-9D0C-C5F3640FFACD}.Debug|Any CPU.Build.0 = Debug|Any CPU
		{A206F7DB-4C52-4EAF-9D0C-C5F3640FFACD}.Release|Any CPU.ActiveCfg = Release|Any CPU
		{A206F7DB-4C52-4EAF-9D0C-C5F3640FFACD}.Release|Any CPU.Build.0 = Release|Any CPU
		{CD6D23A3-7B49-48BC-ADF8-3B256EBA600B}.Debug|Any CPU.ActiveCfg = Debug|Any CPU
		{CD6D23A3-7B49-48BC-ADF8-3B256EBA600B}.Debug|Any CPU.Build.0 = Debug|Any CPU
		{CD6D23A3-7B49-48BC-ADF8-3B256EBA600B}.Release|Any CPU.ActiveCfg = Release|Any CPU
		{CD6D23A3-7B49-48BC-ADF8-3B256EBA600B}.Release|Any CPU.Build.0 = Release|Any CPU
		{FC80BAFD-FA9A-448F-9E94-410BA40D65F3}.Debug|Any CPU.ActiveCfg = Debug|Any CPU
		{FC80BAFD-FA9A-448F-9E94-410BA40D65F3}.Debug|Any CPU.Build.0 = Debug|Any CPU
		{FC80BAFD-FA9A-448F-9E94-410BA40D65F3}.Release|Any CPU.ActiveCfg = Release|Any CPU
		{FC80BAFD-FA9A-448F-9E94-410BA40D65F3}.Release|Any CPU.Build.0 = Release|Any CPU
	EndGlobalSection
	GlobalSection(SolutionProperties) = preSolution
		HideSolutionNode = FALSE
	EndGlobalSection
	GlobalSection(ExtensibilityGlobals) = postSolution
		SolutionGuid = {A3F0E217-FEBF-485B-818D-05AE8ED9298D}
	EndGlobalSection
EndGlobal
